
Microsoft Visual Studio Solution File, Format Version 12.00
# Visual Studio Version 17
VisualStudioVersion = 17.9.34723.18
MinimumVisualStudioVersion = 10.0.40219.1
Project("{9A19103F-16F7-4668-BE54-9A1E7A4F7556}") = "azure-function-sample", "azure-function-sample.csproj", "{8C980811-6BBD-431A-80B7-99BFBA168FF1}"
EndProject
Global
	GlobalSection(SolutionConfigurationPlatforms) = preSolution
		Debug|Any CPU = Debug|Any CPU
		Release|Any CPU = Release|Any CPU
	EndGlobalSection
	GlobalSection(ProjectConfigurationPlatforms) = postSolution
		{8C980811-6BBD-431A-80B7-99BFBA168FF1}.Debug|Any CPU.ActiveCfg = Debug|Any CPU
		{8C980811-6BBD-431A-80B7-99BFBA168FF1}.Debug|Any CPU.Build.0 = Debug|Any CPU
		{8C980811-6BBD-431A-80B7-99BFBA168FF1}.Release|Any CPU.ActiveCfg = Release|Any CPU
		{8C980811-6BBD-431A-80B7-99BFBA168FF1}.Release|Any CPU.Build.0 = Release|Any CPU
	EndGlobalSection
	GlobalSection(SolutionProperties) = preSolution
		HideSolutionNode = FALSE
	EndGlobalSection
	GlobalSection(ExtensibilityGlobals) = postSolution
		SolutionGuid = {B791579C-EA29-41C8-B7A6-ABABB8BCC43B}
	EndGlobalSection
EndGlobal
